// !$*UTF8*$!
{
	archiveVersion = 1;
	classes = {
	};
	objectVersion = 56;
	objects = {

/* Begin PBXBuildFile section */
		A17C541F29671DCD0046F84E /* AppDelegate.swift in Sources */ = {isa = PBXBuildFile; fileRef = A17C541E29671DCD0046F84E /* AppDelegate.swift */; };
		A17C542129671DCD0046F84E /* SceneDelegate.swift in Sources */ = {isa = PBXBuildFile; fileRef = A17C542029671DCD0046F84E /* SceneDelegate.swift */; };
		A17C542629671DCD0046F84E /* Main.storyboard in Resources */ = {isa = PBXBuildFile; fileRef = A17C542429671DCD0046F84E /* Main.storyboard */; };
		A17C542929671DCD0046F84E /* Notas.xcdatamodeld in Sources */ = {isa = PBXBuildFile; fileRef = A17C542729671DCD0046F84E /* Notas.xcdatamodeld */; };
		A17C542B29671DCE0046F84E /* Assets.xcassets in Resources */ = {isa = PBXBuildFile; fileRef = A17C542A29671DCE0046F84E /* Assets.xcassets */; };
		A17C542E29671DCE0046F84E /* LaunchScreen.storyboard in Resources */ = {isa = PBXBuildFile; fileRef = A17C542C29671DCE0046F84E /* LaunchScreen.storyboard */; };
		A17C543929671DCE0046F84E /* NotasTests.swift in Sources */ = {isa = PBXBuildFile; fileRef = A17C543829671DCE0046F84E /* NotasTests.swift */; };
		A17C544329671DCE0046F84E /* NotasUITests.swift in Sources */ = {isa = PBXBuildFile; fileRef = A17C544229671DCE0046F84E /* NotasUITests.swift */; };
		A17C544529671DCE0046F84E /* NotasUITestsLaunchTests.swift in Sources */ = {isa = PBXBuildFile; fileRef = A17C544429671DCE0046F84E /* NotasUITestsLaunchTests.swift */; };
		A17C5452296720120046F84E /* NotasViewModel.swift in Sources */ = {isa = PBXBuildFile; fileRef = A17C5451296720120046F84E /* NotasViewModel.swift */; };
		A17C54562967252F0046F84E /* NotaModel.swift in Sources */ = {isa = PBXBuildFile; fileRef = A17C54552967252E0046F84E /* NotaModel.swift */; };
		A17C545829684F0D0046F84E /* ListarNotasTableViewController.swift in Sources */ = {isa = PBXBuildFile; fileRef = A17C545729684F0D0046F84E /* ListarNotasTableViewController.swift */; };
		A17C545A29684F480046F84E /* NotasViewController.swift in Sources */ = {isa = PBXBuildFile; fileRef = A17C545929684F480046F84E /* NotasViewController.swift */; };
		A17C545C29685C360046F84E /* ListarNotasModel.swift in Sources */ = {isa = PBXBuildFile; fileRef = A17C545B29685C360046F84E /* ListarNotasModel.swift */; };
/* End PBXBuildFile section */

/* Begin PBXContainerItemProxy section */
		A17C543529671DCE0046F84E /* PBXContainerItemProxy */ = {
			isa = PBXContainerItemProxy;
			containerPortal = A17C541329671DCD0046F84E /* Project object */;
			proxyType = 1;
			remoteGlobalIDString = A17C541A29671DCD0046F84E;
			remoteInfo = Notas;
		};
		A17C543F29671DCE0046F84E /* PBXContainerItemProxy */ = {
			isa = PBXContainerItemProxy;
			containerPortal = A17C541329671DCD0046F84E /* Project object */;
			proxyType = 1;
			remoteGlobalIDString = A17C541A29671DCD0046F84E;
			remoteInfo = Notas;
		};
/* End PBXContainerItemProxy section */

/* Begin PBXFileReference section */
		A17C541B29671DCD0046F84E /* Notas.app */ = {isa = PBXFileReference; explicitFileType = wrapper.application; includeInIndex = 0; path = Notas.app; sourceTree = BUILT_PRODUCTS_DIR; };
		A17C541E29671DCD0046F84E /* AppDelegate.swift */ = {isa = PBXFileReference; lastKnownFileType = sourcecode.swift; path = AppDelegate.swift; sourceTree = "<group>"; };
		A17C542029671DCD0046F84E /* SceneDelegate.swift */ = {isa = PBXFileReference; lastKnownFileType = sourcecode.swift; path = SceneDelegate.swift; sourceTree = "<group>"; };
		A17C542529671DCD0046F84E /* Base */ = {isa = PBXFileReference; lastKnownFileType = file.storyboard; name = Base; path = Base.lproj/Main.storyboard; sourceTree = "<group>"; };
		A17C542829671DCD0046F84E /* Notas.xcdatamodel */ = {isa = PBXFileReference; lastKnownFileType = wrapper.xcdatamodel; path = Notas.xcdatamodel; sourceTree = "<group>"; };
		A17C542A29671DCE0046F84E /* Assets.xcassets */ = {isa = PBXFileReference; lastKnownFileType = folder.assetcatalog; path = Assets.xcassets; sourceTree = "<group>"; };
		A17C542D29671DCE0046F84E /* Base */ = {isa = PBXFileReference; lastKnownFileType = file.storyboard; name = Base; path = Base.lproj/LaunchScreen.storyboard; sourceTree = "<group>"; };
		A17C542F29671DCE0046F84E /* Info.plist */ = {isa = PBXFileReference; lastKnownFileType = text.plist.xml; path = Info.plist; sourceTree = "<group>"; };
		A17C543429671DCE0046F84E /* NotasTests.xctest */ = {isa = PBXFileReference; explicitFileType = wrapper.cfbundle; includeInIndex = 0; path = NotasTests.xctest; sourceTree = BUILT_PRODUCTS_DIR; };
		A17C543829671DCE0046F84E /* NotasTests.swift */ = {isa = PBXFileReference; lastKnownFileType = sourcecode.swift; path = NotasTests.swift; sourceTree = "<group>"; };
		A17C543E29671DCE0046F84E /* NotasUITests.xctest */ = {isa = PBXFileReference; explicitFileType = wrapper.cfbundle; includeInIndex = 0; path = NotasUITests.xctest; sourceTree = BUILT_PRODUCTS_DIR; };
		A17C544229671DCE0046F84E /* NotasUITests.swift */ = {isa = PBXFileReference; lastKnownFileType = sourcecode.swift; path = NotasUITests.swift; sourceTree = "<group>"; };
		A17C544429671DCE0046F84E /* NotasUITestsLaunchTests.swift */ = {isa = PBXFileReference; lastKnownFileType = sourcecode.swift; path = NotasUITestsLaunchTests.swift; sourceTree = "<group>"; };
		A17C5451296720120046F84E /* NotasViewModel.swift */ = {isa = PBXFileReference; lastKnownFileType = sourcecode.swift; path = NotasViewModel.swift; sourceTree = "<group>"; };
		A17C54552967252E0046F84E /* NotaModel.swift */ = {isa = PBXFileReference; lastKnownFileType = sourcecode.swift; path = NotaModel.swift; sourceTree = "<group>"; };
		A17C545729684F0D0046F84E /* ListarNotasTableViewController.swift */ = {isa = PBXFileReference; lastKnownFileType = sourcecode.swift; path = ListarNotasTableViewController.swift; sourceTree = "<group>"; };
		A17C545929684F480046F84E /* NotasViewController.swift */ = {isa = PBXFileReference; lastKnownFileType = sourcecode.swift; path = NotasViewController.swift; sourceTree = "<group>"; };
		A17C545B29685C360046F84E /* ListarNotasModel.swift */ = {isa = PBXFileReference; lastKnownFileType = sourcecode.swift; path = ListarNotasModel.swift; sourceTree = "<group>"; };
/* End PBXFileReference section */

/* Begin PBXFrameworksBuildPhase section */
		A17C541829671DCD0046F84E /* Frameworks */ = {
			isa = PBXFrameworksBuildPhase;
			buildActionMask = 2147483647;
			files = (
			);
			runOnlyForDeploymentPostprocessing = 0;
		};
		A17C543129671DCE0046F84E /* Frameworks */ = {
			isa = PBXFrameworksBuildPhase;
			buildActionMask = 2147483647;
			files = (
			);
			runOnlyForDeploymentPostprocessing = 0;
		};
		A17C543B29671DCE0046F84E /* Frameworks */ = {
			isa = PBXFrameworksBuildPhase;
			buildActionMask = 2147483647;
			files = (
			);
			runOnlyForDeploymentPostprocessing = 0;
		};
/* End PBXFrameworksBuildPhase section */

/* Begin PBXGroup section */
		A17C541229671DCD0046F84E = {
			isa = PBXGroup;
			children = (
				A17C541D29671DCD0046F84E /* Notas */,
				A17C543729671DCE0046F84E /* NotasTests */,
				A17C544129671DCE0046F84E /* NotasUITests */,
				A17C541C29671DCD0046F84E /* Products */,
			);
			sourceTree = "<group>";
		};
		A17C541C29671DCD0046F84E /* Products */ = {
			isa = PBXGroup;
			children = (
				A17C541B29671DCD0046F84E /* Notas.app */,
				A17C543429671DCE0046F84E /* NotasTests.xctest */,
				A17C543E29671DCE0046F84E /* NotasUITests.xctest */,
			);
			name = Products;
			sourceTree = "<group>";
		};
		A17C541D29671DCD0046F84E /* Notas */ = {
			isa = PBXGroup;
			children = (
				A17C541E29671DCD0046F84E /* AppDelegate.swift */,
				A17C542029671DCD0046F84E /* SceneDelegate.swift */,
				A17C542429671DCD0046F84E /* Main.storyboard */,
				A17C542A29671DCE0046F84E /* Assets.xcassets */,
				A17C542C29671DCE0046F84E /* LaunchScreen.storyboard */,
				A17C542F29671DCE0046F84E /* Info.plist */,
				A17C542729671DCD0046F84E /* Notas.xcdatamodeld */,
				A17C5451296720120046F84E /* NotasViewModel.swift */,
				A17C54552967252E0046F84E /* NotaModel.swift */,
				A17C545729684F0D0046F84E /* ListarNotasTableViewController.swift */,
				A17C545929684F480046F84E /* NotasViewController.swift */,
				A17C545B29685C360046F84E /* ListarNotasModel.swift */,
			);
			path = Notas;
			sourceTree = "<group>";
		};
		A17C543729671DCE0046F84E /* NotasTests */ = {
			isa = PBXGroup;
			children = (
				A17C543829671DCE0046F84E /* NotasTests.swift */,
			);
			path = NotasTests;
			sourceTree = "<group>";
		};
		A17C544129671DCE0046F84E /* NotasUITests */ = {
			isa = PBXGroup;
			children = (
				A17C544229671DCE0046F84E /* NotasUITests.swift */,
				A17C544429671DCE0046F84E /* NotasUITestsLaunchTests.swift */,
			);
			path = NotasUITests;
			sourceTree = "<group>";
		};
/* End PBXGroup section */

/* Begin PBXNativeTarget section */
		A17C541A29671DCD0046F84E /* Notas */ = {
			isa = PBXNativeTarget;
			buildConfigurationList = A17C544829671DCE0046F84E /* Build configuration list for PBXNativeTarget "Notas" */;
			buildPhases = (
				A17C541729671DCD0046F84E /* Sources */,
				A17C541829671DCD0046F84E /* Frameworks */,
				A17C541929671DCD0046F84E /* Resources */,
			);
			buildRules = (
			);
			dependencies = (
			);
			name = Notas;
			productName = Notas;
			productReference = A17C541B29671DCD0046F84E /* Notas.app */;
			productType = "com.apple.product-type.application";
		};
		A17C543329671DCE0046F84E /* NotasTests */ = {
			isa = PBXNativeTarget;
			buildConfigurationList = A17C544B29671DCE0046F84E /* Build configuration list for PBXNativeTarget "NotasTests" */;
			buildPhases = (
				A17C543029671DCE0046F84E /* Sources */,
				A17C543129671DCE0046F84E /* Frameworks */,
				A17C543229671DCE0046F84E /* Resources */,
			);
			buildRules = (
			);
			dependencies = (
				A17C543629671DCE0046F84E /* PBXTargetDependency */,
			);
			name = NotasTests;
			productName = NotasTests;
			productReference = A17C543429671DCE0046F84E /* NotasTests.xctest */;
			productType = "com.apple.product-type.bundle.unit-test";
		};
		A17C543D29671DCE0046F84E /* NotasUITests */ = {
			isa = PBXNativeTarget;
			buildConfigurationList = A17C544E29671DCE0046F84E /* Build configuration list for PBXNativeTarget "NotasUITests" */;
			buildPhases = (
				A17C543A29671DCE0046F84E /* Sources */,
				A17C543B29671DCE0046F84E /* Frameworks */,
				A17C543C29671DCE0046F84E /* Resources */,
			);
			buildRules = (
			);
			dependencies = (
				A17C544029671DCE0046F84E /* PBXTargetDependency */,
			);
			name = NotasUITests;
			productName = NotasUITests;
			productReference = A17C543E29671DCE0046F84E /* NotasUITests.xctest */;
			productType = "com.apple.product-type.bundle.ui-testing";
		};
/* End PBXNativeTarget section */

/* Begin PBXProject section */
		A17C541329671DCD0046F84E /* Project object */ = {
			isa = PBXProject;
			attributes = {
				BuildIndependentTargetsInParallel = 1;
				LastSwiftUpdateCheck = 1420;
				LastUpgradeCheck = 1420;
				TargetAttributes = {
					A17C541A29671DCD0046F84E = {
						CreatedOnToolsVersion = 14.2;
					};
					A17C543329671DCE0046F84E = {
						CreatedOnToolsVersion = 14.2;
						TestTargetID = A17C541A29671DCD0046F84E;
					};
					A17C543D29671DCE0046F84E = {
						CreatedOnToolsVersion = 14.2;
						TestTargetID = A17C541A29671DCD0046F84E;
					};
				};
			};
			buildConfigurationList = A17C541629671DCD0046F84E /* Build configuration list for PBXProject "Notas" */;
			compatibilityVersion = "Xcode 14.0";
			developmentRegion = en;
			hasScannedForEncodings = 0;
			knownRegions = (
				en,
				Base,
			);
			mainGroup = A17C541229671DCD0046F84E;
			productRefGroup = A17C541C29671DCD0046F84E /* Products */;
			projectDirPath = "";
			projectRoot = "";
			targets = (
				A17C541A29671DCD0046F84E /* Notas */,
				A17C543329671DCE0046F84E /* NotasTests */,
				A17C543D29671DCE0046F84E /* NotasUITests */,
			);
		};
/* End PBXProject section */

/* Begin PBXResourcesBuildPhase section */
		A17C541929671DCD0046F84E /* Resources */ = {
			isa = PBXResourcesBuildPhase;
			buildActionMask = 2147483647;
			files = (
				A17C542E29671DCE0046F84E /* LaunchScreen.storyboard in Resources */,
				A17C542B29671DCE0046F84E /* Assets.xcassets in Resources */,
				A17C542629671DCD0046F84E /* Main.storyboard in Resources */,
			);
			runOnlyForDeploymentPostprocessing = 0;
		};
		A17C543229671DCE0046F84E /* Resources */ = {
			isa = PBXResourcesBuildPhase;
			buildActionMask = 2147483647;
			files = (
			);
			runOnlyForDeploymentPostprocessing = 0;
		};
		A17C543C29671DCE0046F84E /* Resources */ = {
			isa = PBXResourcesBuildPhase;
			buildActionMask = 2147483647;
			files = (
			);
			runOnlyForDeploymentPostprocessing = 0;
		};
/* End PBXResourcesBuildPhase section */

/* Begin PBXSourcesBuildPhase section */
		A17C541729671DCD0046F84E /* Sources */ = {
			isa = PBXSourcesBuildPhase;
			buildActionMask = 2147483647;
			files = (
				A17C54562967252F0046F84E /* NotaModel.swift in Sources */,
				A17C5452296720120046F84E /* NotasViewModel.swift in Sources */,
				A17C545829684F0D0046F84E /* ListarNotasTableViewController.swift in Sources */,
				A17C541F29671DCD0046F84E /* AppDelegate.swift in Sources */,
				A17C545C29685C360046F84E /* ListarNotasModel.swift in Sources */,
				A17C542129671DCD0046F84E /* SceneDelegate.swift in Sources */,
				A17C542929671DCD0046F84E /* Notas.xcdatamodeld in Sources */,
				A17C545A29684F480046F84E /* NotasViewController.swift in Sources */,
			);
			runOnlyForDeploymentPostprocessing = 0;
		};
		A17C543029671DCE0046F84E /* Sources */ = {
			isa = PBXSourcesBuildPhase;
			buildActionMask = 2147483647;
			files = (
				A17C543929671DCE0046F84E /* NotasTests.swift in Sources */,
			);
			runOnlyForDeploymentPostprocessing = 0;
		};
		A17C543A29671DCE0046F84E /* Sources */ = {
			isa = PBXSourcesBuildPhase;
			buildActionMask = 2147483647;
			files = (
				A17C544529671DCE0046F84E /* NotasUITestsLaunchTests.swift in Sources */,
				A17C544329671DCE0046F84E /* NotasUITests.swift in Sources */,
			);
			runOnlyForDeploymentPostprocessing = 0;
		};
/* End PBXSourcesBuildPhase section */

/* Begin PBXTargetDependency section */
		A17C543629671DCE0046F84E /* PBXTargetDependency */ = {
			isa = PBXTargetDependency;
			target = A17C541A29671DCD0046F84E /* Notas */;
			targetProxy = A17C543529671DCE0046F84E /* PBXContainerItemProxy */;
		};
		A17C544029671DCE0046F84E /* PBXTargetDependency */ = {
			isa = PBXTargetDependency;
			target = A17C541A29671DCD0046F84E /* Notas */;
			targetProxy = A17C543F29671DCE0046F84E /* PBXContainerItemProxy */;
		};
/* End PBXTargetDependency section */

/* Begin PBXVariantGroup section */
		A17C542429671DCD0046F84E /* Main.storyboard */ = {
			isa = PBXVariantGroup;
			children = (
				A17C542529671DCD0046F84E /* Base */,
			);
			name = Main.storyboard;
			sourceTree = "<group>";
		};
		A17C542C29671DCE0046F84E /* LaunchScreen.storyboard */ = {
			isa = PBXVariantGroup;
			children = (
				A17C542D29671DCE0046F84E /* Base */,
			);
			name = LaunchScreen.storyboard;
			sourceTree = "<group>";
		};
/* End PBXVariantGroup section */

/* Begin XCBuildConfiguration section */
		A17C544629671DCE0046F84E /* Debug */ = {
			isa = XCBuildConfiguration;
			buildSettings = {
				ALWAYS_SEARCH_USER_PATHS = NO;
				CLANG_ANALYZER_NONNULL = YES;
				CLANG_ANALYZER_NUMBER_OBJECT_CONVERSION = YES_AGGRESSIVE;
				CLANG_CXX_LANGUAGE_STANDARD = "gnu++20";
				CLANG_ENABLE_MODULES = YES;
				CLANG_ENABLE_OBJC_ARC = YES;
				CLANG_ENABLE_OBJC_WEAK = YES;
				CLANG_WARN_BLOCK_CAPTURE_AUTORELEASING = YES;
				CLANG_WARN_BOOL_CONVERSION = YES;
				CLANG_WARN_COMMA = YES;
				CLANG_WARN_CONSTANT_CONVERSION = YES;
				CLANG_WARN_DEPRECATED_OBJC_IMPLEMENTATIONS = YES;
				CLANG_WARN_DIRECT_OBJC_ISA_USAGE = YES_ERROR;
				CLANG_WARN_DOCUMENTATION_COMMENTS = YES;
				CLANG_WARN_EMPTY_BODY = YES;
				CLANG_WARN_ENUM_CONVERSION = YES;
				CLANG_WARN_INFINITE_RECURSION = YES;
				CLANG_WARN_INT_CONVERSION = YES;
				CLANG_WARN_NON_LITERAL_NULL_CONVERSION = YES;
				CLANG_WARN_OBJC_IMPLICIT_RETAIN_SELF = YES;
				CLANG_WARN_OBJC_LITERAL_CONVERSION = YES;
				CLANG_WARN_OBJC_ROOT_CLASS = YES_ERROR;
				CLANG_WARN_QUOTED_INCLUDE_IN_FRAMEWORK_HEADER = YES;
				CLANG_WARN_RANGE_LOOP_ANALYSIS = YES;
				CLANG_WARN_STRICT_PROTOTYPES = YES;
				CLANG_WARN_SUSPICIOUS_MOVE = YES;
				CLANG_WARN_UNGUARDED_AVAILABILITY = YES_AGGRESSIVE;
				CLANG_WARN_UNREACHABLE_CODE = YES;
				CLANG_WARN__DUPLICATE_METHOD_MATCH = YES;
				COPY_PHASE_STRIP = NO;
				DEBUG_INFORMATION_FORMAT = dwarf;
				ENABLE_STRICT_OBJC_MSGSEND = YES;
				ENABLE_TESTABILITY = YES;
				GCC_C_LANGUAGE_STANDARD = gnu11;
				GCC_DYNAMIC_NO_PIC = NO;
				GCC_NO_COMMON_BLOCKS = YES;
				GCC_OPTIMIZATION_LEVEL = 0;
				GCC_PREPROCESSOR_DEFINITIONS = (
					"DEBUG=1",
					"$(inherited)",
				);
				GCC_WARN_64_TO_32_BIT_CONVERSION = YES;
				GCC_WARN_ABOUT_RETURN_TYPE = YES_ERROR;
				GCC_WARN_UNDECLARED_SELECTOR = YES;
				GCC_WARN_UNINITIALIZED_AUTOS = YES_AGGRESSIVE;
				GCC_WARN_UNUSED_FUNCTION = YES;
				GCC_WARN_UNUSED_VARIABLE = YES;
				IPHONEOS_DEPLOYMENT_TARGET = 16.2;
				MTL_ENABLE_DEBUG_INFO = INCLUDE_SOURCE;
				MTL_FAST_MATH = YES;
				ONLY_ACTIVE_ARCH = YES;
				SDKROOT = iphoneos;
				SWIFT_ACTIVE_COMPILATION_CONDITIONS = DEBUG;
				SWIFT_OPTIMIZATION_LEVEL = "-Onone";
			};
			name = Debug;
		};
		A17C544729671DCE0046F84E /* Release */ = {
			isa = XCBuildConfiguration;
			buildSettings = {
				ALWAYS_SEARCH_USER_PATHS = NO;
				CLANG_ANALYZER_NONNULL = YES;
				CLANG_ANALYZER_NUMBER_OBJECT_CONVERSION = YES_AGGRESSIVE;
				CLANG_CXX_LANGUAGE_STANDARD = "gnu++20";
				CLANG_ENABLE_MODULES = YES;
				CLANG_ENABLE_OBJC_ARC = YES;
				CLANG_ENABLE_OBJC_WEAK = YES;
				CLANG_WARN_BLOCK_CAPTURE_AUTORELEASING = YES;
				CLANG_WARN_BOOL_CONVERSION = YES;
				CLANG_WARN_COMMA = YES;
				CLANG_WARN_CONSTANT_CONVERSION = YES;
				CLANG_WARN_DEPRECATED_OBJC_IMPLEMENTATIONS = YES;
				CLANG_WARN_DIRECT_OBJC_ISA_USAGE = YES_ERROR;
				CLANG_WARN_DOCUMENTATION_COMMENTS = YES;
				CLANG_WARN_EMPTY_BODY = YES;
				CLANG_WARN_ENUM_CONVERSION = YES;
				CLANG_WARN_INFINITE_RECURSION = YES;
				CLANG_WARN_INT_CONVERSION = YES;
				CLANG_WARN_NON_LITERAL_NULL_CONVERSION = YES;
				CLANG_WARN_OBJC_IMPLICIT_RETAIN_SELF = YES;
				CLANG_WARN_OBJC_LITERAL_CONVERSION = YES;
				CLANG_WARN_OBJC_ROOT_CLASS = YES_ERROR;
				CLANG_WARN_QUOTED_INCLUDE_IN_FRAMEWORK_HEADER = YES;
				CLANG_WARN_RANGE_LOOP_ANALYSIS = YES;
				CLANG_WARN_STRICT_PROTOTYPES = YES;
				CLANG_WARN_SUSPICIOUS_MOVE = YES;
				CLANG_WARN_UNGUARDED_AVAILABILITY = YES_AGGRESSIVE;
				CLANG_WARN_UNREACHABLE_CODE = YES;
				CLANG_WARN__DUPLICATE_METHOD_MATCH = YES;
				COPY_PHASE_STRIP = NO;
				DEBUG_INFORMATION_FORMAT = "dwarf-with-dsym";
				ENABLE_NS_ASSERTIONS = NO;
				ENABLE_STRICT_OBJC_MSGSEND = YES;
				GCC_C_LANGUAGE_STANDARD = gnu11;
				GCC_NO_COMMON_BLOCKS = YES;
				GCC_WARN_64_TO_32_BIT_CONVERSION = YES;
				GCC_WARN_ABOUT_RETURN_TYPE = YES_ERROR;
				GCC_WARN_UNDECLARED_SELECTOR = YES;
				GCC_WARN_UNINITIALIZED_AUTOS = YES_AGGRESSIVE;
				GCC_WARN_UNUSED_FUNCTION = YES;
				GCC_WARN_UNUSED_VARIABLE = YES;
				IPHONEOS_DEPLOYMENT_TARGET = 16.2;
				MTL_ENABLE_DEBUG_INFO = NO;
				MTL_FAST_MATH = YES;
				SDKROOT = iphoneos;
				SWIFT_COMPILATION_MODE = wholemodule;
				SWIFT_OPTIMIZATION_LEVEL = "-O";
				VALIDATE_PRODUCT = YES;
			};
			name = Release;
		};
		A17C544929671DCE0046F84E /* Debug */ = {
			isa = XCBuildConfiguration;
			buildSettings = {
				ASSETCATALOG_COMPILER_APPICON_NAME = AppIcon;
				ASSETCATALOG_COMPILER_GLOBAL_ACCENT_COLOR_NAME = AccentColor;
				CODE_SIGN_STYLE = Automatic;
				CURRENT_PROJECT_VERSION = 1;
				GENERATE_INFOPLIST_FILE = YES;
				INFOPLIST_FILE = Notas/Info.plist;
				INFOPLIST_KEY_UIApplicationSupportsIndirectInputEvents = YES;
				INFOPLIST_KEY_UILaunchStoryboardName = LaunchScreen;
				INFOPLIST_KEY_UIMainStoryboardFile = Main;
				INFOPLIST_KEY_UISupportedInterfaceOrientations_iPad = "UIInterfaceOrientationPortrait UIInterfaceOrientationPortraitUpsideDown UIInterfaceOrientationLandscapeLeft UIInterfaceOrientationLandscapeRight";
				INFOPLIST_KEY_UISupportedInterfaceOrientations_iPhone = "UIInterfaceOrientationPortrait UIInterfaceOrientationLandscapeLeft UIInterfaceOrientationLandscapeRight";
				LD_RUNPATH_SEARCH_PATHS = (
					"$(inherited)",
					"@executable_path/Frameworks",
				);
				MARKETING_VERSION = 1.0;
				PRODUCT_BUNDLE_IDENTIFIER = Vinicius.Notas;
				PRODUCT_NAME = "$(TARGET_NAME)";
				SWIFT_EMIT_LOC_STRINGS = YES;
				SWIFT_VERSION = 5.0;
				TARGETED_DEVICE_FAMILY = "1,2";
			};
			name = Debug;
		};
		A17C544A29671DCE0046F84E /* Release */ = {
			isa = XCBuildConfiguration;
			buildSettings = {
				ASSETCATALOG_COMPILER_APPICON_NAME = AppIcon;
				ASSETCATALOG_COMPILER_GLOBAL_ACCENT_COLOR_NAME = AccentColor;
				CODE_SIGN_STYLE = Automatic;
				CURRENT_PROJECT_VERSION = 1;
				GENERATE_INFOPLIST_FILE = YES;
				INFOPLIST_FILE = Notas/Info.plist;
				INFOPLIST_KEY_UIApplicationSupportsIndirectInputEvents = YES;
				INFOPLIST_KEY_UILaunchStoryboardName = LaunchScreen;
				INFOPLIST_KEY_UIMainStoryboardFile = Main;
				INFOPLIST_KEY_UISupportedInterfaceOrientations_iPad = "UIInterfaceOrientationPortrait UIInterfaceOrientationPortraitUpsideDown UIInterfaceOrientationLandscapeLeft UIInterfaceOrientationLandscapeRight";
				INFOPLIST_KEY_UISupportedInterfaceOrientations_iPhone = "UIInterfaceOrientationPortrait UIInterfaceOrientationLandscapeLeft UIInterfaceOrientationLandscapeRight";
				LD_RUNPATH_SEARCH_PATHS = (
					"$(inherited)",
					"@executable_path/Frameworks",
				);
				MARKETING_VERSION = 1.0;
				PRODUCT_BUNDLE_IDENTIFIER = Vinicius.Notas;
				PRODUCT_NAME = "$(TARGET_NAME)";
				SWIFT_EMIT_LOC_STRINGS = YES;
				SWIFT_VERSION = 5.0;
				TARGETED_DEVICE_FAMILY = "1,2";
			};
			name = Release;
		};
		A17C544C29671DCE0046F84E /* Debug */ = {
			isa = XCBuildConfiguration;
			buildSettings = {
				ALWAYS_EMBED_SWIFT_STANDARD_LIBRARIES = YES;
				BUNDLE_LOADER = "$(TEST_HOST)";
				CODE_SIGN_STYLE = Automatic;
				CURRENT_PROJECT_VERSION = 1;
				GENERATE_INFOPLIST_FILE = YES;
				IPHONEOS_DEPLOYMENT_TARGET = 16.2;
				MARKETING_VERSION = 1.0;
				PRODUCT_BUNDLE_IDENTIFIER = Vinicius.NotasTests;
				PRODUCT_NAME = "$(TARGET_NAME)";
				SWIFT_EMIT_LOC_STRINGS = NO;
				SWIFT_VERSION = 5.0;
				TARGETED_DEVICE_FAMILY = "1,2";
				TEST_HOST = "$(BUILT_PRODUCTS_DIR)/Notas.app/$(BUNDLE_EXECUTABLE_FOLDER_PATH)/Notas";
			};
			name = Debug;
		};
		A17C544D29671DCE0046F84E /* Release */ = {
			isa = XCBuildConfiguration;
			buildSettings = {
				ALWAYS_EMBED_SWIFT_STANDARD_LIBRARIES = YES;
				BUNDLE_LOADER = "$(TEST_HOST)";
				CODE_SIGN_STYLE = Automatic;
				CURRENT_PROJECT_VERSION = 1;
				GENERATE_INFOPLIST_FILE = YES;
				IPHONEOS_DEPLOYMENT_TARGET = 16.2;
				MARKETING_VERSION = 1.0;
				PRODUCT_BUNDLE_IDENTIFIER = Vinicius.NotasTests;
				PRODUCT_NAME = "$(TARGET_NAME)";
				SWIFT_EMIT_LOC_STRINGS = NO;
				SWIFT_VERSION = 5.0;
				TARGETED_DEVICE_FAMILY = "1,2";
				TEST_HOST = "$(BUILT_PRODUCTS_DIR)/Notas.app/$(BUNDLE_EXECUTABLE_FOLDER_PATH)/Notas";
			};
			name = Release;
		};
		A17C544F29671DCE0046F84E /* Debug */ = {
			isa = XCBuildConfiguration;
			buildSettings = {
				ALWAYS_EMBED_SWIFT_STANDARD_LIBRARIES = YES;
				CODE_SIGN_STYLE = Automatic;
				CURRENT_PROJECT_VERSION = 1;
				GENERATE_INFOPLIST_FILE = YES;
				MARKETING_VERSION = 1.0;
				PRODUCT_BUNDLE_IDENTIFIER = Vinicius.NotasUITests;
				PRODUCT_NAME = "$(TARGET_NAME)";
				SWIFT_EMIT_LOC_STRINGS = NO;
				SWIFT_VERSION = 5.0;
				TARGETED_DEVICE_FAMILY = "1,2";
				TEST_TARGET_NAME = Notas;
			};
			name = Debug;
		};
		A17C545029671DCE0046F84E /* Release */ = {
			isa = XCBuildConfiguration;
			buildSettings = {
				ALWAYS_EMBED_SWIFT_STANDARD_LIBRARIES = YES;
				CODE_SIGN_STYLE = Automatic;
				CURRENT_PROJECT_VERSION = 1;
				GENERATE_INFOPLIST_FILE = YES;
				MARKETING_VERSION = 1.0;
				PRODUCT_BUNDLE_IDENTIFIER = Vinicius.NotasUITests;
				PRODUCT_NAME = "$(TARGET_NAME)";
				SWIFT_EMIT_LOC_STRINGS = NO;
				SWIFT_VERSION = 5.0;
				TARGETED_DEVICE_FAMILY = "1,2";
				TEST_TARGET_NAME = Notas;
			};
			name = Release;
		};
/* End XCBuildConfiguration section */

/* Begin XCConfigurationList section */
		A17C541629671DCD0046F84E /* Build configuration list for PBXProject "Notas" */ = {
			isa = XCConfigurationList;
			buildConfigurations = (
				A17C544629671DCE0046F84E /* Debug */,
				A17C544729671DCE0046F84E /* Release */,
			);
			defaultConfigurationIsVisible = 0;
			defaultConfigurationName = Release;
		};
		A17C544829671DCE0046F84E /* Build configuration list for PBXNativeTarget "Notas" */ = {
			isa = XCConfigurationList;
			buildConfigurations = (
				A17C544929671DCE0046F84E /* Debug */,
				A17C544A29671DCE0046F84E /* Release */,
			);
			defaultConfigurationIsVisible = 0;
			defaultConfigurationName = Release;
		};
		A17C544B29671DCE0046F84E /* Build configuration list for PBXNativeTarget "NotasTests" */ = {
			isa = XCConfigurationList;
			buildConfigurations = (
				A17C544C29671DCE0046F84E /* Debug */,
				A17C544D29671DCE0046F84E /* Release */,
			);
			defaultConfigurationIsVisible = 0;
			defaultConfigurationName = Release;
		};
		A17C544E29671DCE0046F84E /* Build configuration list for PBXNativeTarget "NotasUITests" */ = {
			isa = XCConfigurationList;
			buildConfigurations = (
				A17C544F29671DCE0046F84E /* Debug */,
				A17C545029671DCE0046F84E /* Release */,
			);
			defaultConfigurationIsVisible = 0;
			defaultConfigurationName = Release;
		};
/* End XCConfigurationList section */

/* Begin XCVersionGroup section */
		A17C542729671DCD0046F84E /* Notas.xcdatamodeld */ = {
			isa = XCVersionGroup;
			children = (
				A17C542829671DCD0046F84E /* Notas.xcdatamodel */,
			);
			currentVersion = A17C542829671DCD0046F84E /* Notas.xcdatamodel */;
			path = Notas.xcdatamodeld;
			sourceTree = "<group>";
			versionGroupType = wrapper.xcdatamodel;
		};
/* End XCVersionGroup section */
	};
	rootObject = A17C541329671DCD0046F84E /* Project object */;
}
